
Microsoft Visual Studio Solution File, Format Version 12.00
# Visual Studio Version 17
VisualStudioVersion = 17.12.35707.178
MinimumVisualStudioVersion = 10.0.40219.1
Project("{FAE04EC0-301F-11D3-BF4B-00C04F79EFBC}") = "MosinTools", "MosinTools\MosinTools.csproj", "{C58A1C73-B209-410D-805D-2DD351C0D131}"
EndProject
Project("{54435603-DBB4-11D2-8724-00A0C9A8B90C}") = "Installer", "Installer\Installer.vdproj", "{3BD4A97D-3906-4A44-94EB-D72AC7E01C26}"
EndProject
Global
	GlobalSection(SolutionConfigurationPlatforms) = preSolution
		Debug|Any CPU = Debug|Any CPU
		Debug|x64 = Debug|x64
		Release|Any CPU = Release|Any CPU
		Release|x64 = Release|x64
	EndGlobalSection
	GlobalSection(ProjectConfigurationPlatforms) = postSolution
		{C58A1C73-B209-410D-805D-2DD351C0D131}.Debug|Any CPU.ActiveCfg = Debug|Any CPU
		{C58A1C73-B209-410D-805D-2DD351C0D131}.Debug|Any CPU.Build.0 = Debug|Any CPU
		{C58A1C73-B209-410D-805D-2DD351C0D131}.Debug|x64.ActiveCfg = Debug|x64
		{C58A1C73-B209-410D-805D-2DD351C0D131}.Debug|x64.Build.0 = Debug|x64
		{C58A1C73-B209-410D-805D-2DD351C0D131}.Release|Any CPU.ActiveCfg = Release|x64
		{C58A1C73-B209-410D-805D-2DD351C0D131}.Release|Any CPU.Build.0 = Release|x64
		{C58A1C73-B209-410D-805D-2DD351C0D131}.Release|x64.ActiveCfg = Release|x64
		{C58A1C73-B209-410D-805D-2DD351C0D131}.Release|x64.Build.0 = Release|x64
		{3BD4A97D-3906-4A44-94EB-D72AC7E01C26}.Debug|Any CPU.ActiveCfg = Debug
		{3BD4A97D-3906-4A44-94EB-D72AC7E01C26}.Debug|x64.ActiveCfg = Debug
		{3BD4A97D-3906-4A44-94EB-D72AC7E01C26}.Debug|x64.Build.0 = Debug
		{3BD4A97D-3906-4A44-94EB-D72AC7E01C26}.Release|Any CPU.ActiveCfg = Release
		{3BD4A97D-3906-4A44-94EB-D72AC7E01C26}.Release|x64.ActiveCfg = Release
		{3BD4A97D-3906-4A44-94EB-D72AC7E01C26}.Release|x64.Build.0 = Release
	EndGlobalSection
	GlobalSection(SolutionProperties) = preSolution
		HideSolutionNode = FALSE
	EndGlobalSection
EndGlobal
